dependencies:
- name: elasticsearch
  repository: https://helm.elastic.co
  version: 7.10.0
- name: elasticsearch
  repository: https://helm.elastic.co
  version: 7.10.0
- name: kibana
  repository: https://helm.elastic.co
  version: 7.10.0
- name: prometheus-elasticsearch-exporter
  repository: https://prometheus-community.github.io/helm-charts
  version: 4.0.0
digest: sha256:cafdd4bbed4a891bd523f40594137af965123780aabd60f57830831e4f4a2f48
generated: "2020-11-23T21:20:44.366844498+01:00"
