dependencies:
- name: elasticsearch
  repository: https://helm.elastic.co
  version: 7.9.3
- name: elasticsearch
  repository: https://helm.elastic.co
  version: 7.9.3
- name: kibana
  repository: https://helm.elastic.co
  version: 7.9.3
- name: prometheus-elasticsearch-exporter
  repository: https://prometheus-community.github.io/helm-charts
  version: 4.0.0
digest: sha256:ff2131dbaeff88c85ffabff0a65e3a5ca02a618da61128780eb0e0aac463e3b9
generated: "2020-11-20T17:58:03.109614769+01:00"
